# This file is autogenerated, do not edit; changes may be undone by the next 'dep ensure'.


[[projects]]
  name = "github.com/armon/go-radix"
  packages = ["."]
  revision = "1a2de0c21c94309923825da3df33a4381872c795"
  version = "v1.0.0"

[[projects]]
  name = "github.com/mitchellh/hashstructure"
  packages = ["."]
  revision = "a38c50148365edc8df43c1580c48fb2b3a1e9cd7"
  version = "v1.0.0"

[[projects]]
  name = "github.com/pkg/errors"
  packages = ["."]
  revision = "614d223910a179a466c1767a985424175c39b465"
  version = "v0.9.1"

[[projects]]
  name = "github.com/tucnak/telebot"
  packages = ["."]
  revision = "00cebf376d79ee4363a11cd66fbbdf565452e0ab"
  version = "v1.0"

[solve-meta]
  analyzer-name = "dep"
  analyzer-version = 1
  inputs-digest = "eefdea4ad03da7a2a804915bf3226d1733cc5a80e0631368648d1e11c014b03b"
  solver-name = "gps-cdcl"
  solver-version = 1
